
Microsoft Visual Studio Solution File, Format Version 12.00
# Visual Studio 14
VisualStudioVersion = 14.0.22823.1
MinimumVisualStudioVersion = 10.0.40219.1
Project("{2150E333-8FDC-42A3-9474-1A3956D46DE8}") = "src", "src", "{51A1DE3C-7C38-4EB2-A6D9-245D07C2E8B7}"
EndProject
Project("{2150E333-8FDC-42A3-9474-1A3956D46DE8}") = "Solution Items", "Solution Items", "{D3845FDA-30A1-4B13-8D8A-E1A85813C781}"
	ProjectSection(SolutionItems) = preProject
		global.json = global.json
	EndProjectSection
EndProject
Project("{8BB2217D-0F2D-49D1-97BC-3654ED321F3B}") = "Client", "src\Client\Client.xproj", "{C1D77918-CF9E-44BF-99C4-9DA7A0E5A45C}"
EndProject
Global
	GlobalSection(SolutionConfigurationPlatforms) = preSolution
		Debug|Any CPU = Debug|Any CPU
		Release|Any CPU = Release|Any CPU
	EndGlobalSection
	GlobalSection(ProjectConfigurationPlatforms) = postSolution
		{C1D77918-CF9E-44BF-99C4-9DA7A0E5A45C}.Debug|Any CPU.ActiveCfg = Debug|Any CPU
		{C1D77918-CF9E-44BF-99C4-9DA7A0E5A45C}.Debug|Any CPU.Build.0 = Debug|Any CPU
		{C1D77918-CF9E-44BF-99C4-9DA7A0E5A45C}.Release|Any CPU.ActiveCfg = Release|Any CPU
		{C1D77918-CF9E-44BF-99C4-9DA7A0E5A45C}.Release|Any CPU.Build.0 = Release|Any CPU
	EndGlobalSection
	GlobalSection(SolutionProperties) = preSolution
		HideSolutionNode = FALSE
	EndGlobalSection
	GlobalSection(NestedProjects) = preSolution
		{C1D77918-CF9E-44BF-99C4-9DA7A0E5A45C} = {51A1DE3C-7C38-4EB2-A6D9-245D07C2E8B7}
	EndGlobalSection
EndGlobal
